
Microsoft Visual Studio Solution File, Format Version 12.00
# Visual Studio 15
Project("{FAE04EC0-301F-11D3-BF4B-00C04F79EFBC}") = "Assembly-CSharp", "Assembly-CSharp.csproj", "{1BEDADC8-90E4-77C3-D67B-D079A774C892}"
EndProject
Project("{FAE04EC0-301F-11D3-BF4B-00C04F79EFBC}") = "Assembly-CSharp-Editor", "Assembly-CSharp-Editor.csproj", "{DE9E328A-1490-AEE3-16A5-DEA7BA415F76}"
EndProject
Global
	GlobalSection(SolutionConfigurationPlatforms) = preSolution
		Debug|Any CPU = Debug|Any CPU
		Release|Any CPU = Release|Any CPU
	EndGlobalSection
	GlobalSection(ProjectConfigurationPlatforms) = postSolution
		{1BEDADC8-90E4-77C3-D67B-D079A774C892}.Debug|Any CPU.ActiveCfg = Debug|Any CPU
		{1BEDADC8-90E4-77C3-D67B-D079A774C892}.Debug|Any CPU.Build.0 = Debug|Any CPU
		{1BEDADC8-90E4-77C3-D67B-D079A774C892}.Release|Any CPU.ActiveCfg = Release|Any CPU
		{1BEDADC8-90E4-77C3-D67B-D079A774C892}.Release|Any CPU.Build.0 = Release|Any CPU
		{DE9E328A-1490-AEE3-16A5-DEA7BA415F76}.Debug|Any CPU.ActiveCfg = Debug|Any CPU
		{DE9E328A-1490-AEE3-16A5-DEA7BA415F76}.Debug|Any CPU.Build.0 = Debug|Any CPU
		{DE9E328A-1490-AEE3-16A5-DEA7BA415F76}.Release|Any CPU.ActiveCfg = Release|Any CPU
		{DE9E328A-1490-AEE3-16A5-DEA7BA415F76}.Release|Any CPU.Build.0 = Release|Any CPU
	EndGlobalSection
	GlobalSection(SolutionProperties) = preSolution
		HideSolutionNode = FALSE
	EndGlobalSection
EndGlobal
